
Microsoft Visual Studio Solution File, Format Version 12.00
# Visual Studio Version 17
VisualStudioVersion = 17.9.34607.119
MinimumVisualStudioVersion = 10.0.40219.1
Project("{FAE04EC0-301F-11D3-BF4B-00C04F79EFBC}") = "VendaLanches", "VendaLanches\VendaLanches.csproj", "{D53F9EE3-013D-4DAC-B8B4-4FFC1D0EC0F2}"
EndProject
Global
	GlobalSection(SolutionConfigurationPlatforms) = preSolution
		Debug|Any CPU = Debug|Any CPU
		Release|Any CPU = Release|Any CPU
	EndGlobalSection
	GlobalSection(ProjectConfigurationPlatforms) = postSolution
		{D53F9EE3-013D-4DAC-B8B4-4FFC1D0EC0F2}.Debug|Any CPU.ActiveCfg = Debug|Any CPU
		{D53F9EE3-013D-4DAC-B8B4-4FFC1D0EC0F2}.Debug|Any CPU.Build.0 = Debug|Any CPU
		{D53F9EE3-013D-4DAC-B8B4-4FFC1D0EC0F2}.Release|Any CPU.ActiveCfg = Release|Any CPU
		{D53F9EE3-013D-4DAC-B8B4-4FFC1D0EC0F2}.Release|Any CPU.Build.0 = Release|Any CPU
	EndGlobalSection
	GlobalSection(SolutionProperties) = preSolution
		HideSolutionNode = FALSE
	EndGlobalSection
	GlobalSection(ExtensibilityGlobals) = postSolution
		SolutionGuid = {33B1CB0E-726F-4AAD-BBBA-A96BF66EC4AE}
	EndGlobalSection
EndGlobal
